// !$*UTF8*$!
{
	archiveVersion = 1;
	classes = {
	};
	objectVersion = 56;
	objects = {

/* Begin PBXBuildFile section */
		CE2EC06E293EEA5200660AAB /* ReelView.swift in Sources */ = {isa = PBXBuildFile; fileRef = CE2EC06D293EEA5200660AAB /* ReelView.swift */; };
		CE2EC0702940204000660AAB /* InfoView.swift in Sources */ = {isa = PBXBuildFile; fileRef = CE2EC06F2940204000660AAB /* InfoView.swift */; };
		CE9F970D293ED408006D8E56 /* CasinoApp.swift in Sources */ = {isa = PBXBuildFile; fileRef = CE9F970C293ED408006D8E56 /* CasinoApp.swift */; };
		CE9F970F293ED408006D8E56 /* ContentView.swift in Sources */ = {isa = PBXBuildFile; fileRef = CE9F970E293ED408006D8E56 /* ContentView.swift */; };
		CE9F9711293ED409006D8E56 /* Assets.xcassets in Resources */ = {isa = PBXBuildFile; fileRef = CE9F9710293ED409006D8E56 /* Assets.xcassets */; };
		CE9F9714293ED409006D8E56 /* Preview Assets.xcassets in Resources */ = {isa = PBXBuildFile; fileRef = CE9F9713293ED409006D8E56 /* Preview Assets.xcassets */; };
		CE9F9722293ED5E1006D8E56 /* casino-chips.mp3 in Resources */ = {isa = PBXBuildFile; fileRef = CE9F971A293ED5DF006D8E56 /* casino-chips.mp3 */; };
		CE9F9723293ED5E1006D8E56 /* game-over.mp3 in Resources */ = {isa = PBXBuildFile; fileRef = CE9F971B293ED5DF006D8E56 /* game-over.mp3 */; };
		CE9F9724293ED5E1006D8E56 /* high-score.mp3 in Resources */ = {isa = PBXBuildFile; fileRef = CE9F971C293ED5DF006D8E56 /* high-score.mp3 */; };
		CE9F9725293ED5E1006D8E56 /* background-music.mp3 in Resources */ = {isa = PBXBuildFile; fileRef = CE9F971D293ED5E0006D8E56 /* background-music.mp3 */; };
		CE9F9726293ED5E1006D8E56 /* riseup.mp3 in Resources */ = {isa = PBXBuildFile; fileRef = CE9F971E293ED5E1006D8E56 /* riseup.mp3 */; };
		CE9F9727293ED5E1006D8E56 /* spin.mp3 in Resources */ = {isa = PBXBuildFile; fileRef = CE9F971F293ED5E1006D8E56 /* spin.mp3 */; };
		CE9F9728293ED5E1006D8E56 /* chimeup.mp3 in Resources */ = {isa = PBXBuildFile; fileRef = CE9F9720293ED5E1006D8E56 /* chimeup.mp3 */; };
		CE9F9729293ED5E1006D8E56 /* win.mp3 in Resources */ = {isa = PBXBuildFile; fileRef = CE9F9721293ED5E1006D8E56 /* win.mp3 */; };
		CE9F972E293ED713006D8E56 /* Launch Screen.storyboard in Resources */ = {isa = PBXBuildFile; fileRef = CE9F972D293ED713006D8E56 /* Launch Screen.storyboard */; };
		CE9F9730293EDEC7006D8E56 /* LogoView.swift in Sources */ = {isa = PBXBuildFile; fileRef = CE9F972F293EDEC7006D8E56 /* LogoView.swift */; };
		CE9F9732293EDF04006D8E56 /* Modifiers.swift in Sources */ = {isa = PBXBuildFile; fileRef = CE9F9731293EDF04006D8E56 /* Modifiers.swift */; };
		CE9F9734293EE2C2006D8E56 /* Extensions.swift in Sources */ = {isa = PBXBuildFile; fileRef = CE9F9733293EE2C2006D8E56 /* Extensions.swift */; };
		CEABEED729439A0800F4F27B /* PlaySound.swift in Sources */ = {isa = PBXBuildFile; fileRef = CEABEED629439A0800F4F27B /* PlaySound.swift */; };
/* End PBXBuildFile section */

/* Begin PBXFileReference section */
		CE2EC06D293EEA5200660AAB /* ReelView.swift */ = {isa = PBXFileReference; lastKnownFileType = sourcecode.swift; path = ReelView.swift; sourceTree = "<group>"; };
		CE2EC06F2940204000660AAB /* InfoView.swift */ = {isa = PBXFileReference; lastKnownFileType = sourcecode.swift; path = InfoView.swift; sourceTree = "<group>"; };
		CE9F9709293ED408006D8E56 /* Casino.app */ = {isa = PBXFileReference; explicitFileType = wrapper.application; includeInIndex = 0; path = Casino.app; sourceTree = BUILT_PRODUCTS_DIR; };
		CE9F970C293ED408006D8E56 /* CasinoApp.swift */ = {isa = PBXFileReference; lastKnownFileType = sourcecode.swift; path = CasinoApp.swift; sourceTree = "<group>"; };
		CE9F970E293ED408006D8E56 /* ContentView.swift */ = {isa = PBXFileReference; lastKnownFileType = sourcecode.swift; path = ContentView.swift; sourceTree = "<group>"; };
		CE9F9710293ED409006D8E56 /* Assets.xcassets */ = {isa = PBXFileReference; lastKnownFileType = folder.assetcatalog; path = Assets.xcassets; sourceTree = "<group>"; };
		CE9F9713293ED409006D8E56 /* Preview Assets.xcassets */ = {isa = PBXFileReference; lastKnownFileType = folder.assetcatalog; path = "Preview Assets.xcassets"; sourceTree = "<group>"; };
		CE9F971A293ED5DF006D8E56 /* casino-chips.mp3 */ = {isa = PBXFileReference; lastKnownFileType = audio.mp3; path = "casino-chips.mp3"; sourceTree = "<group>"; };
		CE9F971B293ED5DF006D8E56 /* game-over.mp3 */ = {isa = PBXFileReference; lastKnownFileType = audio.mp3; path = "game-over.mp3"; sourceTree = "<group>"; };
		CE9F971C293ED5DF006D8E56 /* high-score.mp3 */ = {isa = PBXFileReference; lastKnownFileType = audio.mp3; path = "high-score.mp3"; sourceTree = "<group>"; };
		CE9F971D293ED5E0006D8E56 /* background-music.mp3 */ = {isa = PBXFileReference; lastKnownFileType = audio.mp3; path = "background-music.mp3"; sourceTree = "<group>"; };
		CE9F971E293ED5E1006D8E56 /* riseup.mp3 */ = {isa = PBXFileReference; lastKnownFileType = audio.mp3; path = riseup.mp3; sourceTree = "<group>"; };
		CE9F971F293ED5E1006D8E56 /* spin.mp3 */ = {isa = PBXFileReference; lastKnownFileType = audio.mp3; path = spin.mp3; sourceTree = "<group>"; };
		CE9F9720293ED5E1006D8E56 /* chimeup.mp3 */ = {isa = PBXFileReference; lastKnownFileType = audio.mp3; path = chimeup.mp3; sourceTree = "<group>"; };
		CE9F9721293ED5E1006D8E56 /* win.mp3 */ = {isa = PBXFileReference; lastKnownFileType = audio.mp3; path = win.mp3; sourceTree = "<group>"; };
		CE9F972D293ED713006D8E56 /* Launch Screen.storyboard */ = {isa = PBXFileReference; lastKnownFileType = file.storyboard; path = "Launch Screen.storyboard"; sourceTree = "<group>"; };
		CE9F972F293EDEC7006D8E56 /* LogoView.swift */ = {isa = PBXFileReference; lastKnownFileType = sourcecode.swift; path = LogoView.swift; sourceTree = "<group>"; };
		CE9F9731293EDF04006D8E56 /* Modifiers.swift */ = {isa = PBXFileReference; lastKnownFileType = sourcecode.swift; path = Modifiers.swift; sourceTree = "<group>"; };
		CE9F9733293EE2C2006D8E56 /* Extensions.swift */ = {isa = PBXFileReference; lastKnownFileType = sourcecode.swift; path = Extensions.swift; sourceTree = "<group>"; };
		CEABEED629439A0800F4F27B /* PlaySound.swift */ = {isa = PBXFileReference; lastKnownFileType = sourcecode.swift; path = PlaySound.swift; sourceTree = "<group>"; };
/* End PBXFileReference section */

/* Begin PBXFrameworksBuildPhase section */
		CE9F9706293ED408006D8E56 /* Frameworks */ = {
			isa = PBXFrameworksBuildPhase;
			buildActionMask = 2147483647;
			files = (
			);
			runOnlyForDeploymentPostprocessing = 0;
		};
/* End PBXFrameworksBuildPhase section */

/* Begin PBXGroup section */
		CE9F9700293ED408006D8E56 = {
			isa = PBXGroup;
			children = (
				CE9F970B293ED408006D8E56 /* Casino */,
				CE9F970A293ED408006D8E56 /* Products */,
			);
			sourceTree = "<group>";
		};
		CE9F970A293ED408006D8E56 /* Products */ = {
			isa = PBXGroup;
			children = (
				CE9F9709293ED408006D8E56 /* Casino.app */,
			);
			name = Products;
			sourceTree = "<group>";
		};
		CE9F970B293ED408006D8E56 /* Casino */ = {
			isa = PBXGroup;
			children = (
				CE9F972C293ED640006D8E56 /* Helpers */,
				CE9F972B293ED5FF006D8E56 /* Views */,
				CE9F972A293ED5E9006D8E56 /* Sounds */,
				CE9F970C293ED408006D8E56 /* CasinoApp.swift */,
				CE9F9710293ED409006D8E56 /* Assets.xcassets */,
				CE9F9712293ED409006D8E56 /* Preview Content */,
			);
			path = Casino;
			sourceTree = "<group>";
		};
		CE9F9712293ED409006D8E56 /* Preview Content */ = {
			isa = PBXGroup;
			children = (
				CE9F9713293ED409006D8E56 /* Preview Assets.xcassets */,
				CE9F972D293ED713006D8E56 /* Launch Screen.storyboard */,
			);
			path = "Preview Content";
			sourceTree = "<group>";
		};
		CE9F972A293ED5E9006D8E56 /* Sounds */ = {
			isa = PBXGroup;
			children = (
				CE9F971D293ED5E0006D8E56 /* background-music.mp3 */,
				CE9F971A293ED5DF006D8E56 /* casino-chips.mp3 */,
				CE9F9720293ED5E1006D8E56 /* chimeup.mp3 */,
				CE9F971B293ED5DF006D8E56 /* game-over.mp3 */,
				CE9F971C293ED5DF006D8E56 /* high-score.mp3 */,
				CE9F971E293ED5E1006D8E56 /* riseup.mp3 */,
				CE9F971F293ED5E1006D8E56 /* spin.mp3 */,
				CE9F9721293ED5E1006D8E56 /* win.mp3 */,
			);
			path = Sounds;
			sourceTree = "<group>";
		};
		CE9F972B293ED5FF006D8E56 /* Views */ = {
			isa = PBXGroup;
			children = (
				CE9F970E293ED408006D8E56 /* ContentView.swift */,
				CE9F972F293EDEC7006D8E56 /* LogoView.swift */,
				CE2EC06D293EEA5200660AAB /* ReelView.swift */,
				CE2EC06F2940204000660AAB /* InfoView.swift */,
			);
			path = Views;
			sourceTree = "<group>";
		};
		CE9F972C293ED640006D8E56 /* Helpers */ = {
			isa = PBXGroup;
			children = (
				CE9F9731293EDF04006D8E56 /* Modifiers.swift */,
				CE9F9733293EE2C2006D8E56 /* Extensions.swift */,
				CEABEED629439A0800F4F27B /* PlaySound.swift */,
			);
			path = Helpers;
			sourceTree = "<group>";
		};
/* End PBXGroup section */

/* Begin PBXNativeTarget section */
		CE9F9708293ED408006D8E56 /* Casino */ = {
			isa = PBXNativeTarget;
			buildConfigurationList = CE9F9717293ED409006D8E56 /* Build configuration list for PBXNativeTarget "Casino" */;
			buildPhases = (
				CE9F9705293ED408006D8E56 /* Sources */,
				CE9F9706293ED408006D8E56 /* Frameworks */,
				CE9F9707293ED408006D8E56 /* Resources */,
			);
			buildRules = (
			);
			dependencies = (
			);
			name = Casino;
			productName = Casino;
			productReference = CE9F9709293ED408006D8E56 /* Casino.app */;
			productType = "com.apple.product-type.application";
		};
/* End PBXNativeTarget section */

/* Begin PBXProject section */
		CE9F9701293ED408006D8E56 /* Project object */ = {
			isa = PBXProject;
			attributes = {
				BuildIndependentTargetsInParallel = 1;
				LastSwiftUpdateCheck = 1400;
				LastUpgradeCheck = 1400;
				TargetAttributes = {
					CE9F9708293ED408006D8E56 = {
						CreatedOnToolsVersion = 14.0.1;
					};
				};
			};
			buildConfigurationList = CE9F9704293ED408006D8E56 /* Build configuration list for PBXProject "Casino" */;
			compatibilityVersion = "Xcode 14.0";
			developmentRegion = en;
			hasScannedForEncodings = 0;
			knownRegions = (
				en,
				Base,
			);
			mainGroup = CE9F9700293ED408006D8E56;
			productRefGroup = CE9F970A293ED408006D8E56 /* Products */;
			projectDirPath = "";
			projectRoot = "";
			targets = (
				CE9F9708293ED408006D8E56 /* Casino */,
			);
		};
/* End PBXProject section */

/* Begin PBXResourcesBuildPhase section */
		CE9F9707293ED408006D8E56 /* Resources */ = {
			isa = PBXResourcesBuildPhase;
			buildActionMask = 2147483647;
			files = (
				CE9F9727293ED5E1006D8E56 /* spin.mp3 in Resources */,
				CE9F9724293ED5E1006D8E56 /* high-score.mp3 in Resources */,
				CE9F9714293ED409006D8E56 /* Preview Assets.xcassets in Resources */,
				CE9F9728293ED5E1006D8E56 /* chimeup.mp3 in Resources */,
				CE9F9726293ED5E1006D8E56 /* riseup.mp3 in Resources */,
				CE9F9729293ED5E1006D8E56 /* win.mp3 in Resources */,
				CE9F972E293ED713006D8E56 /* Launch Screen.storyboard in Resources */,
				CE9F9711293ED409006D8E56 /* Assets.xcassets in Resources */,
				CE9F9723293ED5E1006D8E56 /* game-over.mp3 in Resources */,
				CE9F9725293ED5E1006D8E56 /* background-music.mp3 in Resources */,
				CE9F9722293ED5E1006D8E56 /* casino-chips.mp3 in Resources */,
			);
			runOnlyForDeploymentPostprocessing = 0;
		};
/* End PBXResourcesBuildPhase section */

/* Begin PBXSourcesBuildPhase section */
		CE9F9705293ED408006D8E56 /* Sources */ = {
			isa = PBXSourcesBuildPhase;
			buildActionMask = 2147483647;
			files = (
				CE2EC06E293EEA5200660AAB /* ReelView.swift in Sources */,
				CEABEED729439A0800F4F27B /* PlaySound.swift in Sources */,
				CE9F9734293EE2C2006D8E56 /* Extensions.swift in Sources */,
				CE9F9732293EDF04006D8E56 /* Modifiers.swift in Sources */,
				CE9F970F293ED408006D8E56 /* ContentView.swift in Sources */,
				CE9F9730293EDEC7006D8E56 /* LogoView.swift in Sources */,
				CE9F970D293ED408006D8E56 /* CasinoApp.swift in Sources */,
				CE2EC0702940204000660AAB /* InfoView.swift in Sources */,
			);
			runOnlyForDeploymentPostprocessing = 0;
		};
/* End PBXSourcesBuildPhase section */

/* Begin XCBuildConfiguration section */
		CE9F9715293ED409006D8E56 /* Debug */ = {
			isa = XCBuildConfiguration;
			buildSettings = {
				ALWAYS_SEARCH_USER_PATHS = NO;
				CLANG_ANALYZER_NONNULL = YES;
				CLANG_ANALYZER_NUMBER_OBJECT_CONVERSION = YES_AGGRESSIVE;
				CLANG_CXX_LANGUAGE_STANDARD = "gnu++20";
				CLANG_ENABLE_MODULES = YES;
				CLANG_ENABLE_OBJC_ARC = YES;
				CLANG_ENABLE_OBJC_WEAK = YES;
				CLANG_WARN_BLOCK_CAPTURE_AUTORELEASING = YES;
				CLANG_WARN_BOOL_CONVERSION = YES;
				CLANG_WARN_COMMA = YES;
				CLANG_WARN_CONSTANT_CONVERSION = YES;
				CLANG_WARN_DEPRECATED_OBJC_IMPLEMENTATIONS = YES;
				CLANG_WARN_DIRECT_OBJC_ISA_USAGE = YES_ERROR;
				CLANG_WARN_DOCUMENTATION_COMMENTS = YES;
				CLANG_WARN_EMPTY_BODY = YES;
				CLANG_WARN_ENUM_CONVERSION = YES;
				CLANG_WARN_INFINITE_RECURSION = YES;
				CLANG_WARN_INT_CONVERSION = YES;
				CLANG_WARN_NON_LITERAL_NULL_CONVERSION = YES;
				CLANG_WARN_OBJC_IMPLICIT_RETAIN_SELF = YES;
				CLANG_WARN_OBJC_LITERAL_CONVERSION = YES;
				CLANG_WARN_OBJC_ROOT_CLASS = YES_ERROR;
				CLANG_WARN_QUOTED_INCLUDE_IN_FRAMEWORK_HEADER = YES;
				CLANG_WARN_RANGE_LOOP_ANALYSIS = YES;
				CLANG_WARN_STRICT_PROTOTYPES = YES;
				CLANG_WARN_SUSPICIOUS_MOVE = YES;
				CLANG_WARN_UNGUARDED_AVAILABILITY = YES_AGGRESSIVE;
				CLANG_WARN_UNREACHABLE_CODE = YES;
				CLANG_WARN__DUPLICATE_METHOD_MATCH = YES;
				COPY_PHASE_STRIP = NO;
				DEBUG_INFORMATION_FORMAT = dwarf;
				ENABLE_STRICT_OBJC_MSGSEND = YES;
				ENABLE_TESTABILITY = YES;
				GCC_C_LANGUAGE_STANDARD = gnu11;
				GCC_DYNAMIC_NO_PIC = NO;
				GCC_NO_COMMON_BLOCKS = YES;
				GCC_OPTIMIZATION_LEVEL = 0;
				GCC_PREPROCESSOR_DEFINITIONS = (
					"DEBUG=1",
					"$(inherited)",
				);
				GCC_WARN_64_TO_32_BIT_CONVERSION = YES;
				GCC_WARN_ABOUT_RETURN_TYPE = YES_ERROR;
				GCC_WARN_UNDECLARED_SELECTOR = YES;
				GCC_WARN_UNINITIALIZED_AUTOS = YES_AGGRESSIVE;
				GCC_WARN_UNUSED_FUNCTION = YES;
				GCC_WARN_UNUSED_VARIABLE = YES;
				IPHONEOS_DEPLOYMENT_TARGET = 16.0;
				MTL_ENABLE_DEBUG_INFO = INCLUDE_SOURCE;
				MTL_FAST_MATH = YES;
				ONLY_ACTIVE_ARCH = YES;
				SDKROOT = iphoneos;
				SWIFT_ACTIVE_COMPILATION_CONDITIONS = DEBUG;
				SWIFT_OPTIMIZATION_LEVEL = "-Onone";
			};
			name = Debug;
		};
		CE9F9716293ED409006D8E56 /* Release */ = {
			isa = XCBuildConfiguration;
			buildSettings = {
				ALWAYS_SEARCH_USER_PATHS = NO;
				CLANG_ANALYZER_NONNULL = YES;
				CLANG_ANALYZER_NUMBER_OBJECT_CONVERSION = YES_AGGRESSIVE;
				CLANG_CXX_LANGUAGE_STANDARD = "gnu++20";
				CLANG_ENABLE_MODULES = YES;
				CLANG_ENABLE_OBJC_ARC = YES;
				CLANG_ENABLE_OBJC_WEAK = YES;
				CLANG_WARN_BLOCK_CAPTURE_AUTORELEASING = YES;
				CLANG_WARN_BOOL_CONVERSION = YES;
				CLANG_WARN_COMMA = YES;
				CLANG_WARN_CONSTANT_CONVERSION = YES;
				CLANG_WARN_DEPRECATED_OBJC_IMPLEMENTATIONS = YES;
				CLANG_WARN_DIRECT_OBJC_ISA_USAGE = YES_ERROR;
				CLANG_WARN_DOCUMENTATION_COMMENTS = YES;
				CLANG_WARN_EMPTY_BODY = YES;
				CLANG_WARN_ENUM_CONVERSION = YES;
				CLANG_WARN_INFINITE_RECURSION = YES;
				CLANG_WARN_INT_CONVERSION = YES;
				CLANG_WARN_NON_LITERAL_NULL_CONVERSION = YES;
				CLANG_WARN_OBJC_IMPLICIT_RETAIN_SELF = YES;
				CLANG_WARN_OBJC_LITERAL_CONVERSION = YES;
				CLANG_WARN_OBJC_ROOT_CLASS = YES_ERROR;
				CLANG_WARN_QUOTED_INCLUDE_IN_FRAMEWORK_HEADER = YES;
				CLANG_WARN_RANGE_LOOP_ANALYSIS = YES;
				CLANG_WARN_STRICT_PROTOTYPES = YES;
				CLANG_WARN_SUSPICIOUS_MOVE = YES;
				CLANG_WARN_UNGUARDED_AVAILABILITY = YES_AGGRESSIVE;
				CLANG_WARN_UNREACHABLE_CODE = YES;
				CLANG_WARN__DUPLICATE_METHOD_MATCH = YES;
				COPY_PHASE_STRIP = NO;
				DEBUG_INFORMATION_FORMAT = "dwarf-with-dsym";
				ENABLE_NS_ASSERTIONS = NO;
				ENABLE_STRICT_OBJC_MSGSEND = YES;
				GCC_C_LANGUAGE_STANDARD = gnu11;
				GCC_NO_COMMON_BLOCKS = YES;
				GCC_WARN_64_TO_32_BIT_CONVERSION = YES;
				GCC_WARN_ABOUT_RETURN_TYPE = YES_ERROR;
				GCC_WARN_UNDECLARED_SELECTOR = YES;
				GCC_WARN_UNINITIALIZED_AUTOS = YES_AGGRESSIVE;
				GCC_WARN_UNUSED_FUNCTION = YES;
				GCC_WARN_UNUSED_VARIABLE = YES;
				IPHONEOS_DEPLOYMENT_TARGET = 16.0;
				MTL_ENABLE_DEBUG_INFO = NO;
				MTL_FAST_MATH = YES;
				SDKROOT = iphoneos;
				SWIFT_COMPILATION_MODE = wholemodule;
				SWIFT_OPTIMIZATION_LEVEL = "-O";
				VALIDATE_PRODUCT = YES;
			};
			name = Release;
		};
		CE9F9718293ED409006D8E56 /* Debug */ = {
			isa = XCBuildConfiguration;
			buildSettings = {
				ASSETCATALOG_COMPILER_APPICON_NAME = AppIcon;
				ASSETCATALOG_COMPILER_GLOBAL_ACCENT_COLOR_NAME = AccentColor;
				CODE_SIGN_STYLE = Automatic;
				CURRENT_PROJECT_VERSION = 1;
				DEVELOPMENT_ASSET_PATHS = "\"Casino/Preview Content\"";
				DEVELOPMENT_TEAM = QXF72V42FL;
				ENABLE_PREVIEWS = YES;
				GENERATE_INFOPLIST_FILE = YES;
				INFOPLIST_KEY_UIApplicationSceneManifest_Generation = YES;
				INFOPLIST_KEY_UIApplicationSupportsIndirectInputEvents = YES;
				INFOPLIST_KEY_UILaunchScreen_Generation = YES;
				INFOPLIST_KEY_UISupportedInterfaceOrientations_iPad = "UIInterfaceOrientationPortrait UIInterfaceOrientationPortraitUpsideDown UIInterfaceOrientationLandscapeLeft UIInterfaceOrientationLandscapeRight";
				INFOPLIST_KEY_UISupportedInterfaceOrientations_iPhone = "UIInterfaceOrientationPortrait UIInterfaceOrientationLandscapeLeft UIInterfaceOrientationLandscapeRight";
				LD_RUNPATH_SEARCH_PATHS = (
					"$(inherited)",
					"@executable_path/Frameworks",
				);
				MARKETING_VERSION = 1.0;
				PRODUCT_BUNDLE_IDENTIFIER = com.jakechoi.Casino;
				PRODUCT_NAME = "$(TARGET_NAME)";
				SWIFT_EMIT_LOC_STRINGS = YES;
				SWIFT_VERSION = 5.0;
				TARGETED_DEVICE_FAMILY = "1,2";
			};
			name = Debug;
		};
		CE9F9719293ED409006D8E56 /* Release */ = {
			isa = XCBuildConfiguration;
			buildSettings = {
				ASSETCATALOG_COMPILER_APPICON_NAME = AppIcon;
				ASSETCATALOG_COMPILER_GLOBAL_ACCENT_COLOR_NAME = AccentColor;
				CODE_SIGN_STYLE = Automatic;
				CURRENT_PROJECT_VERSION = 1;
				DEVELOPMENT_ASSET_PATHS = "\"Casino/Preview Content\"";
				DEVELOPMENT_TEAM = QXF72V42FL;
				ENABLE_PREVIEWS = YES;
				GENERATE_INFOPLIST_FILE = YES;
				INFOPLIST_KEY_UIApplicationSceneManifest_Generation = YES;
				INFOPLIST_KEY_UIApplicationSupportsIndirectInputEvents = YES;
				INFOPLIST_KEY_UILaunchScreen_Generation = YES;
				INFOPLIST_KEY_UISupportedInterfaceOrientations_iPad = "UIInterfaceOrientationPortrait UIInterfaceOrientationPortraitUpsideDown UIInterfaceOrientationLandscapeLeft UIInterfaceOrientationLandscapeRight";
				INFOPLIST_KEY_UISupportedInterfaceOrientations_iPhone = "UIInterfaceOrientationPortrait UIInterfaceOrientationLandscapeLeft UIInterfaceOrientationLandscapeRight";
				LD_RUNPATH_SEARCH_PATHS = (
					"$(inherited)",
					"@executable_path/Frameworks",
				);
				MARKETING_VERSION = 1.0;
				PRODUCT_BUNDLE_IDENTIFIER = com.jakechoi.Casino;
				PRODUCT_NAME = "$(TARGET_NAME)";
				SWIFT_EMIT_LOC_STRINGS = YES;
				SWIFT_VERSION = 5.0;
				TARGETED_DEVICE_FAMILY = "1,2";
			};
			name = Release;
		};
/* End XCBuildConfiguration section */

/* Begin XCConfigurationList section */
		CE9F9704293ED408006D8E56 /* Build configuration list for PBXProject "Casino" */ = {
			isa = XCConfigurationList;
			buildConfigurations = (
				CE9F9715293ED409006D8E56 /* Debug */,
				CE9F9716293ED409006D8E56 /* Release */,
			);
			defaultConfigurationIsVisible = 0;
			defaultConfigurationName = Release;
		};
		CE9F9717293ED409006D8E56 /* Build configuration list for PBXNativeTarget "Casino" */ = {
			isa = XCConfigurationList;
			buildConfigurations = (
				CE9F9718293ED409006D8E56 /* Debug */,
				CE9F9719293ED409006D8E56 /* Release */,
			);
			defaultConfigurationIsVisible = 0;
			defaultConfigurationName = Release;
		};
/* End XCConfigurationList section */
	};
	rootObject = CE9F9701293ED408006D8E56 /* Project object */;
}
